{
  "name": "@cryprice/api-client",
  "version": "0.0.0",
  "lockfileVersion": 3,
  "requires": true,
  "packages": {
    "": {
      "name": "@cryprice/api-client",
      "version": "0.0.0",
      "dependencies": {
        "@cryprice/shared": "file:../shared"
      },
      "devDependencies": {
        "typescript": "^5.0.0"
      }
    },
    "../shared": {
      "name": "@cryprice/shared",
      "version": "0.0.0",
      "devDependencies": {
        "typescript": "^5.0.0"
      }
    },
    "../shared/node_modules/typescript": {
      "version": "5.9.3",
      "dev": true,
      "license": "Apache-2.0",
      "bin": {
        "tsc": "bin/tsc",
        "tsserver": "bin/tsserver"
      },
      "engines": {
        "node": ">=14.17"
      }
    },
    "node_modules/@cryprice/shared": {
      "resolved": "../shared",
      "link": true
    },
    "node_modules/typescript": {
      "version": "5.9.3",
      "dev": true,
      "license": "Apache-2.0",
      "bin": {
        "tsc": "bin/tsc",
        "tsserver": "bin/tsserver"
      },
      "engines": {
        "node": ">=14.17"
      }
    }
  }
}
